
Microsoft Visual Studio Solution File, Format Version 12.00
# Visual Studio Express 2012 for Windows Desktop
Project("{FAE04EC0-301F-11D3-BF4B-00C04F79EFBC}") = "TeX_to_PDF_client", "TeX_to_PDF_client\TeX_to_PDF_client.csproj", "{D7BC4196-EB92-4ADA-8CBD-B155F274B433}"
EndProject
Global
	GlobalSection(SolutionConfigurationPlatforms) = preSolution
		Debug|Any CPU = Debug|Any CPU
		Release|Any CPU = Release|Any CPU
	EndGlobalSection
	GlobalSection(ProjectConfigurationPlatforms) = postSolution
		{D7BC4196-EB92-4ADA-8CBD-B155F274B433}.Debug|Any CPU.ActiveCfg = Debug|Any CPU
		{D7BC4196-EB92-4ADA-8CBD-B155F274B433}.Debug|Any CPU.Build.0 = Debug|Any CPU
		{D7BC4196-EB92-4ADA-8CBD-B155F274B433}.Release|Any CPU.ActiveCfg = Release|Any CPU
		{D7BC4196-EB92-4ADA-8CBD-B155F274B433}.Release|Any CPU.Build.0 = Release|Any CPU
	EndGlobalSection
	GlobalSection(SolutionProperties) = preSolution
		HideSolutionNode = FALSE
	EndGlobalSection
EndGlobal
